
Microsoft Visual Studio Solution File, Format Version 12.00
# Visual Studio 15
VisualStudioVersion = 15.0.28307.902
MinimumVisualStudioVersion = 10.0.40219.1
Project("{FAE04EC0-301F-11D3-BF4B-00C04F79EFBC}") = "ReporteActividades", "ReporteActividades\ReporteActividades.csproj", "{3B0D3991-CE98-4D5A-91F2-6CCD1594CF4F}"
EndProject
Global
	GlobalSection(SolutionConfigurationPlatforms) = preSolution
		Debug|Any CPU = Debug|Any CPU
		Release|Any CPU = Release|Any CPU
	EndGlobalSection
	GlobalSection(ProjectConfigurationPlatforms) = postSolution
		{3B0D3991-CE98-4D5A-91F2-6CCD1594CF4F}.Debug|Any CPU.ActiveCfg = Debug|Any CPU
		{3B0D3991-CE98-4D5A-91F2-6CCD1594CF4F}.Debug|Any CPU.Build.0 = Debug|Any CPU
		{3B0D3991-CE98-4D5A-91F2-6CCD1594CF4F}.Release|Any CPU.ActiveCfg = Release|Any CPU
		{3B0D3991-CE98-4D5A-91F2-6CCD1594CF4F}.Release|Any CPU.Build.0 = Release|Any CPU
	EndGlobalSection
	GlobalSection(SolutionProperties) = preSolution
		HideSolutionNode = FALSE
	EndGlobalSection
	GlobalSection(ExtensibilityGlobals) = postSolution
		SolutionGuid = {4D2982F2-F53A-410E-BAEB-994EFB102BC6}
	EndGlobalSection
EndGlobal
